
Microsoft Visual Studio Solution File, Format Version 12.00
# Visual Studio Version 16
VisualStudioVersion = 25.0.1703.6
MinimumVisualStudioVersion = 10.0.40219.1
Project("{FAE04EC0-301F-11D3-BF4B-00C04F79EFBC}") = "Week9Lists", "Week9Lists\Week9Lists.csproj", "{46B86FB4-DD87-4228-BA33-4F7DF0B710A0}"
EndProject
Global
	GlobalSection(SolutionConfigurationPlatforms) = preSolution
		Debug|Any CPU = Debug|Any CPU
		Release|Any CPU = Release|Any CPU
	EndGlobalSection
	GlobalSection(ProjectConfigurationPlatforms) = postSolution
		{46B86FB4-DD87-4228-BA33-4F7DF0B710A0}.Debug|Any CPU.ActiveCfg = Debug|Any CPU
		{46B86FB4-DD87-4228-BA33-4F7DF0B710A0}.Debug|Any CPU.Build.0 = Debug|Any CPU
		{46B86FB4-DD87-4228-BA33-4F7DF0B710A0}.Release|Any CPU.ActiveCfg = Release|Any CPU
		{46B86FB4-DD87-4228-BA33-4F7DF0B710A0}.Release|Any CPU.Build.0 = Release|Any CPU
	EndGlobalSection
	GlobalSection(SolutionProperties) = preSolution
		HideSolutionNode = FALSE
	EndGlobalSection
	GlobalSection(ExtensibilityGlobals) = postSolution
		SolutionGuid = {042B1424-88AE-45BB-A47B-E850AC3724A0}
	EndGlobalSection
EndGlobal
